
Microsoft Visual Studio Solution File, Format Version 12.00
# Visual Studio Version 16
VisualStudioVersion = 16.0.34601.136
MinimumVisualStudioVersion = 10.0.40219.1
Project("{FAE04EC0-301F-11D3-BF4B-00C04F79EFBC}") = "QuickHost", "QuickHost\QuickHost.csproj", "{DE282866-FBF0-4DD4-9D06-F815BF066077}"
EndProject
Global
	GlobalSection(SolutionConfigurationPlatforms) = preSolution
		Debug|Any CPU = Debug|Any CPU
		Release|Any CPU = Release|Any CPU
	EndGlobalSection
	GlobalSection(ProjectConfigurationPlatforms) = postSolution
		{DE282866-FBF0-4DD4-9D06-F815BF066077}.Debug|Any CPU.ActiveCfg = Debug|Any CPU
		{DE282866-FBF0-4DD4-9D06-F815BF066077}.Debug|Any CPU.Build.0 = Debug|Any CPU
		{DE282866-FBF0-4DD4-9D06-F815BF066077}.Release|Any CPU.ActiveCfg = Release|Any CPU
		{DE282866-FBF0-4DD4-9D06-F815BF066077}.Release|Any CPU.Build.0 = Release|Any CPU
	EndGlobalSection
	GlobalSection(SolutionProperties) = preSolution
		HideSolutionNode = FALSE
	EndGlobalSection
	GlobalSection(ExtensibilityGlobals) = postSolution
		SolutionGuid = {C5128EAA-F99C-4B51-B056-7A6341371621}
	EndGlobalSection
EndGlobal
